
Microsoft Visual Studio Solution File, Format Version 12.00
# Visual Studio Version 17
VisualStudioVersion = 17.0.31903.59
MinimumVisualStudioVersion = 10.0.40219.1
Project("{FAE04EC0-301F-11D3-BF4B-00C04F79EFBC}") = "PE-GOL.Entity", "PE-GOL.Entity\PE-GOL.Entity.csproj", "{4A6B506B-CE01-4BDB-929F-773FF5C0B866}"
EndProject
Project("{FAE04EC0-301F-11D3-BF4B-00C04F79EFBC}") = "PE-GOL.Utility", "PE-GOL.Utility\PE-GOL.Utility.csproj", "{2B8C4A1F-6BCD-43CB-AFB5-B0CD35C47681}"
EndProject
Project("{FAE04EC0-301F-11D3-BF4B-00C04F79EFBC}") = "PE-GOL.IOC", "PE-GOL.IOC\PE-GOL.IOC.csproj", "{4E031CDA-E322-4EA5-9B6C-0D3C41D5A24A}"
EndProject
Project("{FAE04EC0-301F-11D3-BF4B-00C04F79EFBC}") = "PE-GOL.API", "PE-GOL.API\PE-GOL.API.csproj", "{99E6BD5D-192B-4906-BB95-F77EC67737C9}"
EndProject
Project("{FAE04EC0-301F-11D3-BF4B-00C04F79EFBC}") = "PE-GOL.Aplicacion", "PE-GOL.Aplicacion\PE-GOL.Aplicacion.csproj", "{B9868B53-735F-4D93-97FC-C07E24998312}"
EndProject
Project("{FAE04EC0-301F-11D3-BF4B-00C04F79EFBC}") = "PE-GOL.DTO", "PE-GOL.DTO\PE-GOL.DTO.csproj", "{3C2FEC5C-52BE-43E0-B268-C9F622A014AB}"
EndProject
Project("{FAE04EC0-301F-11D3-BF4B-00C04F79EFBC}") = "PE-GOL.DAL", "PE-GOL.DAL\PE-GOL.DAL.csproj", "{9A1A5906-2F4E-445F-9954-5F6701AEC83F}"
EndProject
Project("{FAE04EC0-301F-11D3-BF4B-00C04F79EFBC}") = "PE-GOL.BLL", "PE-GOL.BLL\PE-GOL.BLL.csproj", "{AC2BE193-8E0F-4FE0-896F-9F5BB13BF18D}"
EndProject
Project("{FAE04EC0-301F-11D3-BF4B-00C04F79EFBC}") = "PE-GOL.Tests", "PE-GOL.Tests\PE-GOL.Tests.csproj", "{A8F7BA0A-E9E8-4790-BFA6-7A7F85E86786}"
EndProject
Global
	GlobalSection(SolutionConfigurationPlatforms) = preSolution
		Debug|Any CPU = Debug|Any CPU
		Release|Any CPU = Release|Any CPU
	EndGlobalSection
	GlobalSection(SolutionProperties) = preSolution
		HideSolutionNode = FALSE
	EndGlobalSection
	GlobalSection(ProjectConfigurationPlatforms) = postSolution
		{4A6B506B-CE01-4BDB-929F-773FF5C0B866}.Debug|Any CPU.ActiveCfg = Debug|Any CPU
		{4A6B506B-CE01-4BDB-929F-773FF5C0B866}.Debug|Any CPU.Build.0 = Debug|Any CPU
		{4A6B506B-CE01-4BDB-929F-773FF5C0B866}.Release|Any CPU.ActiveCfg = Release|Any CPU
		{4A6B506B-CE01-4BDB-929F-773FF5C0B866}.Release|Any CPU.Build.0 = Release|Any CPU
		{2B8C4A1F-6BCD-43CB-AFB5-B0CD35C47681}.Debug|Any CPU.ActiveCfg = Debug|Any CPU
		{2B8C4A1F-6BCD-43CB-AFB5-B0CD35C47681}.Debug|Any CPU.Build.0 = Debug|Any CPU
		{2B8C4A1F-6BCD-43CB-AFB5-B0CD35C47681}.Release|Any CPU.ActiveCfg = Release|Any CPU
		{2B8C4A1F-6BCD-43CB-AFB5-B0CD35C47681}.Release|Any CPU.Build.0 = Release|Any CPU
		{4E031CDA-E322-4EA5-9B6C-0D3C41D5A24A}.Debug|Any CPU.ActiveCfg = Debug|Any CPU
		{4E031CDA-E322-4EA5-9B6C-0D3C41D5A24A}.Debug|Any CPU.Build.0 = Debug|Any CPU
		{4E031CDA-E322-4EA5-9B6C-0D3C41D5A24A}.Release|Any CPU.ActiveCfg = Release|Any CPU
		{4E031CDA-E322-4EA5-9B6C-0D3C41D5A24A}.Release|Any CPU.Build.0 = Release|Any CPU
		{99E6BD5D-192B-4906-BB95-F77EC67737C9}.Debug|Any CPU.ActiveCfg = Debug|Any CPU
		{99E6BD5D-192B-4906-BB95-F77EC67737C9}.Debug|Any CPU.Build.0 = Debug|Any CPU
		{99E6BD5D-192B-4906-BB95-F77EC67737C9}.Release|Any CPU.ActiveCfg = Release|Any CPU
		{99E6BD5D-192B-4906-BB95-F77EC67737C9}.Release|Any CPU.Build.0 = Release|Any CPU
		{B9868B53-735F-4D93-97FC-C07E24998312}.Debug|Any CPU.ActiveCfg = Debug|Any CPU
		{B9868B53-735F-4D93-97FC-C07E24998312}.Debug|Any CPU.Build.0 = Debug|Any CPU
		{B9868B53-735F-4D93-97FC-C07E24998312}.Release|Any CPU.ActiveCfg = Release|Any CPU
		{B9868B53-735F-4D93-97FC-C07E24998312}.Release|Any CPU.Build.0 = Release|Any CPU
		{3C2FEC5C-52BE-43E0-B268-C9F622A014AB}.Debug|Any CPU.ActiveCfg = Debug|Any CPU
		{3C2FEC5C-52BE-43E0-B268-C9F622A014AB}.Debug|Any CPU.Build.0 = Debug|Any CPU
		{3C2FEC5C-52BE-43E0-B268-C9F622A014AB}.Release|Any CPU.ActiveCfg = Release|Any CPU
		{3C2FEC5C-52BE-43E0-B268-C9F622A014AB}.Release|Any CPU.Build.0 = Release|Any CPU
		{9A1A5906-2F4E-445F-9954-5F6701AEC83F}.Debug|Any CPU.ActiveCfg = Debug|Any CPU
		{9A1A5906-2F4E-445F-9954-5F6701AEC83F}.Debug|Any CPU.Build.0 = Debug|Any CPU
		{9A1A5906-2F4E-445F-9954-5F6701AEC83F}.Release|Any CPU.ActiveCfg = Release|Any CPU
		{9A1A5906-2F4E-445F-9954-5F6701AEC83F}.Release|Any CPU.Build.0 = Release|Any CPU
		{AC2BE193-8E0F-4FE0-896F-9F5BB13BF18D}.Debug|Any CPU.ActiveCfg = Debug|Any CPU
		{AC2BE193-8E0F-4FE0-896F-9F5BB13BF18D}.Debug|Any CPU.Build.0 = Debug|Any CPU
		{AC2BE193-8E0F-4FE0-896F-9F5BB13BF18D}.Release|Any CPU.ActiveCfg = Release|Any CPU
		{AC2BE193-8E0F-4FE0-896F-9F5BB13BF18D}.Release|Any CPU.Build.0 = Release|Any CPU
		{A8F7BA0A-E9E8-4790-BFA6-7A7F85E86786}.Debug|Any CPU.ActiveCfg = Debug|Any CPU
		{A8F7BA0A-E9E8-4790-BFA6-7A7F85E86786}.Debug|Any CPU.Build.0 = Debug|Any CPU
		{A8F7BA0A-E9E8-4790-BFA6-7A7F85E86786}.Release|Any CPU.ActiveCfg = Release|Any CPU
		{A8F7BA0A-E9E8-4790-BFA6-7A7F85E86786}.Release|Any CPU.Build.0 = Release|Any CPU
	EndGlobalSection
EndGlobal
